// !$*UTF8*$!
{
	archiveVersion = 1;
	classes = {
	};
	objectVersion = 46;
	objects = {

/* Begin PBXBuildFile section */
		3E18D2121DCCEFAF00D336DC /* AppDelegate.swift in Sources */ = {isa = PBXBuildFile; fileRef = 3E18D2111DCCEFAF00D336DC /* AppDelegate.swift */; };
		3E18D2171DCCEFAF00D336DC /* Main.storyboard in Resources */ = {isa = PBXBuildFile; fileRef = 3E18D2151DCCEFAF00D336DC /* Main.storyboard */; };
		3E18D2191DCCEFAF00D336DC /* Assets.xcassets in Resources */ = {isa = PBXBuildFile; fileRef = 3E18D2181DCCEFAF00D336DC /* Assets.xcassets */; };
		3E18D21C1DCCEFAF00D336DC /* LaunchScreen.storyboard in Resources */ = {isa = PBXBuildFile; fileRef = 3E18D21A1DCCEFAF00D336DC /* LaunchScreen.storyboard */; };
		3E18D2241DCCF24F00D336DC /* MoviesViewController.swift in Sources */ = {isa = PBXBuildFile; fileRef = 3E18D2231DCCF24F00D336DC /* MoviesViewController.swift */; };
		3E18D2261DCD33AF00D336DC /* TheMovieDBHelper.swift in Sources */ = {isa = PBXBuildFile; fileRef = 3E18D2251DCD33AF00D336DC /* TheMovieDBHelper.swift */; };
		3E18D2281DCD350A00D336DC /* MovieCell.swift in Sources */ = {isa = PBXBuildFile; fileRef = 3E18D2271DCD350A00D336DC /* MovieCell.swift */; };
		77FCB92BBC390E29BBB79094 /* Pods_flicks.framework in Frameworks */ = {isa = PBXBuildFile; fileRef = 638E5D5613F735ECC9A6650E /* Pods_flicks.framework */; };
/* End PBXBuildFile section */

/* Begin PBXFileReference section */
		246626299D43F66ACC0A5428 /* Pods-flicks.release.xcconfig */ = {isa = PBXFileReference; includeInIndex = 1; lastKnownFileType = text.xcconfig; name = "Pods-flicks.release.xcconfig"; path = "Pods/Target Support Files/Pods-flicks/Pods-flicks.release.xcconfig"; sourceTree = "<group>"; };
		3E18D20E1DCCEFAF00D336DC /* flicks.app */ = {isa = PBXFileReference; explicitFileType = wrapper.application; includeInIndex = 0; path = flicks.app; sourceTree = BUILT_PRODUCTS_DIR; };
		3E18D2111DCCEFAF00D336DC /* AppDelegate.swift */ = {isa = PBXFileReference; lastKnownFileType = sourcecode.swift; path = AppDelegate.swift; sourceTree = "<group>"; };
		3E18D2161DCCEFAF00D336DC /* Base */ = {isa = PBXFileReference; lastKnownFileType = file.storyboard; name = Base; path = Base.lproj/Main.storyboard; sourceTree = "<group>"; };
		3E18D2181DCCEFAF00D336DC /* Assets.xcassets */ = {isa = PBXFileReference; lastKnownFileType = folder.assetcatalog; path = Assets.xcassets; sourceTree = "<group>"; };
		3E18D21B1DCCEFAF00D336DC /* Base */ = {isa = PBXFileReference; lastKnownFileType = file.storyboard; name = Base; path = Base.lproj/LaunchScreen.storyboard; sourceTree = "<group>"; };
		3E18D21D1DCCEFAF00D336DC /* Info.plist */ = {isa = PBXFileReference; lastKnownFileType = text.plist.xml; path = Info.plist; sourceTree = "<group>"; };
		3E18D2231DCCF24F00D336DC /* MoviesViewController.swift */ = {isa = PBXFileReference; fileEncoding = 4; lastKnownFileType = sourcecode.swift; path = MoviesViewController.swift; sourceTree = "<group>"; };
		3E18D2251DCD33AF00D336DC /* TheMovieDBHelper.swift */ = {isa = PBXFileReference; fileEncoding = 4; lastKnownFileType = sourcecode.swift; path = TheMovieDBHelper.swift; sourceTree = "<group>"; };
		3E18D2271DCD350A00D336DC /* MovieCell.swift */ = {isa = PBXFileReference; fileEncoding = 4; lastKnownFileType = sourcecode.swift; path = MovieCell.swift; sourceTree = "<group>"; };
		5A23F9B82960ED102191E2EC /* Pods-flicks.debug.xcconfig */ = {isa = PBXFileReference; includeInIndex = 1; lastKnownFileType = text.xcconfig; name = "Pods-flicks.debug.xcconfig"; path = "Pods/Target Support Files/Pods-flicks/Pods-flicks.debug.xcconfig"; sourceTree = "<group>"; };
		638E5D5613F735ECC9A6650E /* Pods_flicks.framework */ = {isa = PBXFileReference; explicitFileType = wrapper.framework; includeInIndex = 0; path = Pods_flicks.framework; sourceTree = BUILT_PRODUCTS_DIR; };
/* End PBXFileReference section */

/* Begin PBXFrameworksBuildPhase section */
		3E18D20B1DCCEFAF00D336DC /* Frameworks */ = {
			isa = PBXFrameworksBuildPhase;
			buildActionMask = 2147483647;
			files = (
				77FCB92BBC390E29BBB79094 /* Pods_flicks.framework in Frameworks */,
			);
			runOnlyForDeploymentPostprocessing = 0;
		};
/* End PBXFrameworksBuildPhase section */

/* Begin PBXGroup section */
		3E18D2051DCCEFAF00D336DC = {
			isa = PBXGroup;
			children = (
				3E18D2101DCCEFAF00D336DC /* flicks */,
				3E18D20F1DCCEFAF00D336DC /* Products */,
				5092CC109A873BAD6E960DA9 /* Pods */,
				F0FB52AECB77BB4CC24CAA72 /* Frameworks */,
			);
			sourceTree = "<group>";
		};
		3E18D20F1DCCEFAF00D336DC /* Products */ = {
			isa = PBXGroup;
			children = (
				3E18D20E1DCCEFAF00D336DC /* flicks.app */,
			);
			name = Products;
			sourceTree = "<group>";
		};
		3E18D2101DCCEFAF00D336DC /* flicks */ = {
			isa = PBXGroup;
			children = (
				3E18D2111DCCEFAF00D336DC /* AppDelegate.swift */,
				3E18D2151DCCEFAF00D336DC /* Main.storyboard */,
				3E18D2181DCCEFAF00D336DC /* Assets.xcassets */,
				3E18D21A1DCCEFAF00D336DC /* LaunchScreen.storyboard */,
				3E18D21D1DCCEFAF00D336DC /* Info.plist */,
				3E18D2231DCCF24F00D336DC /* MoviesViewController.swift */,
				3E18D2251DCD33AF00D336DC /* TheMovieDBHelper.swift */,
				3E18D2271DCD350A00D336DC /* MovieCell.swift */,
			);
			path = flicks;
			sourceTree = "<group>";
		};
		5092CC109A873BAD6E960DA9 /* Pods */ = {
			isa = PBXGroup;
			children = (
				5A23F9B82960ED102191E2EC /* Pods-flicks.debug.xcconfig */,
				246626299D43F66ACC0A5428 /* Pods-flicks.release.xcconfig */,
			);
			name = Pods;
			sourceTree = "<group>";
		};
		F0FB52AECB77BB4CC24CAA72 /* Frameworks */ = {
			isa = PBXGroup;
			children = (
				638E5D5613F735ECC9A6650E /* Pods_flicks.framework */,
			);
			name = Frameworks;
			sourceTree = "<group>";
		};
/* End PBXGroup section */

/* Begin PBXNativeTarget section */
		3E18D20D1DCCEFAF00D336DC /* flicks */ = {
			isa = PBXNativeTarget;
			buildConfigurationList = 3E18D2201DCCEFAF00D336DC /* Build configuration list for PBXNativeTarget "flicks" */;
			buildPhases = (
				62CA252BF20DC11DDEBFC216 /* [CP] Check Pods Manifest.lock */,
				3E18D20A1DCCEFAF00D336DC /* Sources */,
				3E18D20B1DCCEFAF00D336DC /* Frameworks */,
				3E18D20C1DCCEFAF00D336DC /* Resources */,
				135C4C13015831DB0F684653 /* [CP] Embed Pods Frameworks */,
				67E15FEF29DAA4C942F5FE20 /* [CP] Copy Pods Resources */,
			);
			buildRules = (
			);
			dependencies = (
			);
			name = flicks;
			productName = flicks;
			productReference = 3E18D20E1DCCEFAF00D336DC /* flicks.app */;
			productType = "com.apple.product-type.application";
		};
/* End PBXNativeTarget section */

/* Begin PBXProject section */
		3E18D2061DCCEFAF00D336DC /* Project object */ = {
			isa = PBXProject;
			attributes = {
				LastSwiftUpdateCheck = 0810;
				LastUpgradeCheck = 0810;
				ORGANIZATIONNAME = kristeaac;
				TargetAttributes = {
					3E18D20D1DCCEFAF00D336DC = {
						CreatedOnToolsVersion = 8.1;
						ProvisioningStyle = Automatic;
					};
				};
			};
			buildConfigurationList = 3E18D2091DCCEFAF00D336DC /* Build configuration list for PBXProject "flicks" */;
			compatibilityVersion = "Xcode 3.2";
			developmentRegion = English;
			hasScannedForEncodings = 0;
			knownRegions = (
				en,
				Base,
			);
			mainGroup = 3E18D2051DCCEFAF00D336DC;
			productRefGroup = 3E18D20F1DCCEFAF00D336DC /* Products */;
			projectDirPath = "";
			projectRoot = "";
			targets = (
				3E18D20D1DCCEFAF00D336DC /* flicks */,
			);
		};
/* End PBXProject section */

/* Begin PBXResourcesBuildPhase section */
		3E18D20C1DCCEFAF00D336DC /* Resources */ = {
			isa = PBXResourcesBuildPhase;
			buildActionMask = 2147483647;
			files = (
				3E18D21C1DCCEFAF00D336DC /* LaunchScreen.storyboard in Resources */,
				3E18D2191DCCEFAF00D336DC /* Assets.xcassets in Resources */,
				3E18D2171DCCEFAF00D336DC /* Main.storyboard in Resources */,
			);
			runOnlyForDeploymentPostprocessing = 0;
		};
/* End PBXResourcesBuildPhase section */

/* Begin PBXShellScriptBuildPhase section */
		135C4C13015831DB0F684653 /* [CP] Embed Pods Frameworks */ = {
			isa = PBXShellScriptBuildPhase;
			buildActionMask = 2147483647;
			files = (
			);
			inputPaths = (
			);
			name = "[CP] Embed Pods Frameworks";
			outputPaths = (
			);
			runOnlyForDeploymentPostprocessing = 0;
			shellPath = /bin/sh;
			shellScript = "\"${SRCROOT}/Pods/Target Support Files/Pods-flicks/Pods-flicks-frameworks.sh\"\n";
			showEnvVarsInLog = 0;
		};
		62CA252BF20DC11DDEBFC216 /* [CP] Check Pods Manifest.lock */ = {
			isa = PBXShellScriptBuildPhase;
			buildActionMask = 2147483647;
			files = (
			);
			inputPaths = (
			);
			name = "[CP] Check Pods Manifest.lock";
			outputPaths = (
			);
			runOnlyForDeploymentPostprocessing = 0;
			shellPath = /bin/sh;
			shellScript = "diff \"${PODS_ROOT}/../Podfile.lock\" \"${PODS_ROOT}/Manifest.lock\" > /dev/null\nif [ $? != 0 ] ; then\n    # print error to STDERR\n    echo \"error: The sandbox is not in sync with the Podfile.lock. Run 'pod install' or update your CocoaPods installation.\" >&2\n    exit 1\nfi\n";
			showEnvVarsInLog = 0;
		};
		67E15FEF29DAA4C942F5FE20 /* [CP] Copy Pods Resources */ = {
			isa = PBXShellScriptBuildPhase;
			buildActionMask = 2147483647;
			files = (
			);
			inputPaths = (
			);
			name = "[CP] Copy Pods Resources";
			outputPaths = (
			);
			runOnlyForDeploymentPostprocessing = 0;
			shellPath = /bin/sh;
			shellScript = "\"${SRCROOT}/Pods/Target Support Files/Pods-flicks/Pods-flicks-resources.sh\"\n";
			showEnvVarsInLog = 0;
		};
/* End PBXShellScriptBuildPhase section */

/* Begin PBXSourcesBuildPhase section */
		3E18D20A1DCCEFAF00D336DC /* Sources */ = {
			isa = PBXSourcesBuildPhase;
			buildActionMask = 2147483647;
			files = (
				3E18D2121DCCEFAF00D336DC /* AppDelegate.swift in Sources */,
				3E18D2261DCD33AF00D336DC /* TheMovieDBHelper.swift in Sources */,
				3E18D2281DCD350A00D336DC /* MovieCell.swift in Sources */,
				3E18D2241DCCF24F00D336DC /* MoviesViewController.swift in Sources */,
			);
			runOnlyForDeploymentPostprocessing = 0;
		};
/* End PBXSourcesBuildPhase section */

/* Begin PBXVariantGroup section */
		3E18D2151DCCEFAF00D336DC /* Main.storyboard */ = {
			isa = PBXVariantGroup;
			children = (
				3E18D2161DCCEFAF00D336DC /* Base */,
			);
			name = Main.storyboard;
			sourceTree = "<group>";
		};
		3E18D21A1DCCEFAF00D336DC /* LaunchScreen.storyboard */ = {
			isa = PBXVariantGroup;
			children = (
				3E18D21B1DCCEFAF00D336DC /* Base */,
			);
			name = LaunchScreen.storyboard;
			sourceTree = "<group>";
		};
/* End PBXVariantGroup section */

/* Begin XCBuildConfiguration section */
		3E18D21E1DCCEFAF00D336DC /* Debug */ = {
			isa = XCBuildConfiguration;
			buildSettings = {
				ALWAYS_SEARCH_USER_PATHS = NO;
				CLANG_ANALYZER_NONNULL = YES;
				CLANG_CXX_LANGUAGE_STANDARD = "gnu++0x";
				CLANG_CXX_LIBRARY = "libc++";
				CLANG_ENABLE_MODULES = YES;
				CLANG_ENABLE_OBJC_ARC = YES;
				CLANG_WARN_BOOL_CONVERSION = YES;
				CLANG_WARN_CONSTANT_CONVERSION = YES;
				CLANG_WARN_DIRECT_OBJC_ISA_USAGE = YES_ERROR;
				CLANG_WARN_DOCUMENTATION_COMMENTS = YES;
				CLANG_WARN_EMPTY_BODY = YES;
				CLANG_WARN_ENUM_CONVERSION = YES;
				CLANG_WARN_INFINITE_RECURSION = YES;
				CLANG_WARN_INT_CONVERSION = YES;
				CLANG_WARN_OBJC_ROOT_CLASS = YES_ERROR;
				CLANG_WARN_SUSPICIOUS_MOVES = YES;
				CLANG_WARN_UNREACHABLE_CODE = YES;
				CLANG_WARN__DUPLICATE_METHOD_MATCH = YES;
				"CODE_SIGN_IDENTITY[sdk=iphoneos*]" = "iPhone Developer";
				COPY_PHASE_STRIP = NO;
				DEBUG_INFORMATION_FORMAT = dwarf;
				ENABLE_STRICT_OBJC_MSGSEND = YES;
				ENABLE_TESTABILITY = YES;
				GCC_C_LANGUAGE_STANDARD = gnu99;
				GCC_DYNAMIC_NO_PIC = NO;
				GCC_NO_COMMON_BLOCKS = YES;
				GCC_OPTIMIZATION_LEVEL = 0;
				GCC_PREPROCESSOR_DEFINITIONS = (
					"DEBUG=1",
					"$(inherited)",
				);
				GCC_WARN_64_TO_32_BIT_CONVERSION = YES;
				GCC_WARN_ABOUT_RETURN_TYPE = YES_ERROR;
				GCC_WARN_UNDECLARED_SELECTOR = YES;
				GCC_WARN_UNINITIALIZED_AUTOS = YES_AGGRESSIVE;
				GCC_WARN_UNUSED_FUNCTION = YES;
				GCC_WARN_UNUSED_VARIABLE = YES;
				IPHONEOS_DEPLOYMENT_TARGET = 10.1;
				MTL_ENABLE_DEBUG_INFO = YES;
				ONLY_ACTIVE_ARCH = YES;
				SDKROOT = iphoneos;
				SWIFT_ACTIVE_COMPILATION_CONDITIONS = DEBUG;
				SWIFT_OPTIMIZATION_LEVEL = "-Onone";
				TARGETED_DEVICE_FAMILY = "1,2";
			};
			name = Debug;
		};
		3E18D21F1DCCEFAF00D336DC /* Release */ = {
			isa = XCBuildConfiguration;
			buildSettings = {
				ALWAYS_SEARCH_USER_PATHS = NO;
				CLANG_ANALYZER_NONNULL = YES;
				CLANG_CXX_LANGUAGE_STANDARD = "gnu++0x";
				CLANG_CXX_LIBRARY = "libc++";
				CLANG_ENABLE_MODULES = YES;
				CLANG_ENABLE_OBJC_ARC = YES;
				CLANG_WARN_BOOL_CONVERSION = YES;
				CLANG_WARN_CONSTANT_CONVERSION = YES;
				CLANG_WARN_DIRECT_OBJC_ISA_USAGE = YES_ERROR;
				CLANG_WARN_DOCUMENTATION_COMMENTS = YES;
				CLANG_WARN_EMPTY_BODY = YES;
				CLANG_WARN_ENUM_CONVERSION = YES;
				CLANG_WARN_INFINITE_RECURSION = YES;
				CLANG_WARN_INT_CONVERSION = YES;
				CLANG_WARN_OBJC_ROOT_CLASS = YES_ERROR;
				CLANG_WARN_SUSPICIOUS_MOVES = YES;
				CLANG_WARN_UNREACHABLE_CODE = YES;
				CLANG_WARN__DUPLICATE_METHOD_MATCH = YES;
				"CODE_SIGN_IDENTITY[sdk=iphoneos*]" = "iPhone Developer";
				COPY_PHASE_STRIP = NO;
				DEBUG_INFORMATION_FORMAT = "dwarf-with-dsym";
				ENABLE_NS_ASSERTIONS = NO;
				ENABLE_STRICT_OBJC_MSGSEND = YES;
				GCC_C_LANGUAGE_STANDARD = gnu99;
				GCC_NO_COMMON_BLOCKS = YES;
				GCC_WARN_64_TO_32_BIT_CONVERSION = YES;
				GCC_WARN_ABOUT_RETURN_TYPE = YES_ERROR;
				GCC_WARN_UNDECLARED_SELECTOR = YES;
				GCC_WARN_UNINITIALIZED_AUTOS = YES_AGGRESSIVE;
				GCC_WARN_UNUSED_FUNCTION = YES;
				GCC_WARN_UNUSED_VARIABLE = YES;
				IPHONEOS_DEPLOYMENT_TARGET = 10.1;
				MTL_ENABLE_DEBUG_INFO = NO;
				SDKROOT = iphoneos;
				SWIFT_OPTIMIZATION_LEVEL = "-Owholemodule";
				TARGETED_DEVICE_FAMILY = "1,2";
				VALIDATE_PRODUCT = YES;
			};
			name = Release;
		};
		3E18D2211DCCEFAF00D336DC /* Debug */ = {
			isa = XCBuildConfiguration;
			baseConfigurationReference = 5A23F9B82960ED102191E2EC /* Pods-flicks.debug.xcconfig */;
			buildSettings = {
				ASSETCATALOG_COMPILER_APPICON_NAME = AppIcon;
				INFOPLIST_FILE = flicks/Info.plist;
				LD_RUNPATH_SEARCH_PATHS = "$(inherited) @executable_path/Frameworks";
				PRODUCT_BUNDLE_IDENTIFIER = com.kristeaac.flicks;
				PRODUCT_NAME = "$(TARGET_NAME)";
				SWIFT_VERSION = 3.0;
			};
			name = Debug;
		};
		3E18D2221DCCEFAF00D336DC /* Release */ = {
			isa = XCBuildConfiguration;
			baseConfigurationReference = 246626299D43F66ACC0A5428 /* Pods-flicks.release.xcconfig */;
			buildSettings = {
				ASSETCATALOG_COMPILER_APPICON_NAME = AppIcon;
				INFOPLIST_FILE = flicks/Info.plist;
				LD_RUNPATH_SEARCH_PATHS = "$(inherited) @executable_path/Frameworks";
				PRODUCT_BUNDLE_IDENTIFIER = com.kristeaac.flicks;
				PRODUCT_NAME = "$(TARGET_NAME)";
				SWIFT_VERSION = 3.0;
			};
			name = Release;
		};
/* End XCBuildConfiguration section */

/* Begin XCConfigurationList section */
		3E18D2091DCCEFAF00D336DC /* Build configuration list for PBXProject "flicks" */ = {
			isa = XCConfigurationList;
			buildConfigurations = (
				3E18D21E1DCCEFAF00D336DC /* Debug */,
				3E18D21F1DCCEFAF00D336DC /* Release */,
			);
			defaultConfigurationIsVisible = 0;
			defaultConfigurationName = Release;
		};
		3E18D2201DCCEFAF00D336DC /* Build configuration list for PBXNativeTarget "flicks" */ = {
			isa = XCConfigurationList;
			buildConfigurations = (
				3E18D2211DCCEFAF00D336DC /* Debug */,
				3E18D2221DCCEFAF00D336DC /* Release */,
			);
			defaultConfigurationIsVisible = 0;
			defaultConfigurationName = Release;
		};
/* End XCConfigurationList section */
	};
	rootObject = 3E18D2061DCCEFAF00D336DC /* Project object */;
}
